// !$*UTF8*$!
{
	archiveVersion = 1;
	classes = {
	};
	objectVersion = 46;
	objects = {

/* Begin PBXBuildFile section */
		0A5F8F991D64350B001A3380 /* main.m in Sources */ = {isa = PBXBuildFile; fileRef = 0A5F8F981D64350B001A3380 /* main.m */; };
		0A5F8F9C1D64350B001A3380 /* AppDelegate.m in Sources */ = {isa = PBXBuildFile; fileRef = 0A5F8F9B1D64350B001A3380 /* AppDelegate.m */; };
		0A5F8F9F1D64350B001A3380 /* ViewController.m in Sources */ = {isa = PBXBuildFile; fileRef = 0A5F8F9E1D64350B001A3380 /* ViewController.m */; };
		0A5F8FA41D64350B001A3380 /* Assets.xcassets in Resources */ = {isa = PBXBuildFile; fileRef = 0A5F8FA31D64350B001A3380 /* Assets.xcassets */; };
		0A5F8FA71D64350B001A3380 /* LaunchScreen.storyboard in Resources */ = {isa = PBXBuildFile; fileRef = 0A5F8FA51D64350B001A3380 /* LaunchScreen.storyboard */; };
		0A5F8FB01D6436B1001A3380 /* UIView+TargetAction.m in Sources */ = {isa = PBXBuildFile; fileRef = 0A5F8FAF1D6436B1001A3380 /* UIView+TargetAction.m */; };
/* End PBXBuildFile section */

/* Begin PBXFileReference section */
		0A5F8F941D64350B001A3380 /* UIViewExtensionBlock.app */ = {isa = PBXFileReference; explicitFileType = wrapper.application; includeInIndex = 0; path = UIViewExtensionBlock.app; sourceTree = BUILT_PRODUCTS_DIR; };
		0A5F8F981D64350B001A3380 /* main.m */ = {isa = PBXFileReference; lastKnownFileType = sourcecode.c.objc; path = main.m; sourceTree = "<group>"; };
		0A5F8F9A1D64350B001A3380 /* AppDelegate.h */ = {isa = PBXFileReference; lastKnownFileType = sourcecode.c.h; path = AppDelegate.h; sourceTree = "<group>"; };
		0A5F8F9B1D64350B001A3380 /* AppDelegate.m */ = {isa = PBXFileReference; lastKnownFileType = sourcecode.c.objc; path = AppDelegate.m; sourceTree = "<group>"; };
		0A5F8F9D1D64350B001A3380 /* ViewController.h */ = {isa = PBXFileReference; lastKnownFileType = sourcecode.c.h; path = ViewController.h; sourceTree = "<group>"; };
		0A5F8F9E1D64350B001A3380 /* ViewController.m */ = {isa = PBXFileReference; lastKnownFileType = sourcecode.c.objc; path = ViewController.m; sourceTree = "<group>"; };
		0A5F8FA31D64350B001A3380 /* Assets.xcassets */ = {isa = PBXFileReference; lastKnownFileType = folder.assetcatalog; path = Assets.xcassets; sourceTree = "<group>"; };
		0A5F8FA61D64350B001A3380 /* Base */ = {isa = PBXFileReference; lastKnownFileType = file.storyboard; name = Base; path = Base.lproj/LaunchScreen.storyboard; sourceTree = "<group>"; };
		0A5F8FA81D64350B001A3380 /* Info.plist */ = {isa = PBXFileReference; lastKnownFileType = text.plist.xml; path = Info.plist; sourceTree = "<group>"; };
		0A5F8FAE1D6436B1001A3380 /* UIView+TargetAction.h */ = {isa = PBXFileReference; fileEncoding = 4; lastKnownFileType = sourcecode.c.h; path = "UIView+TargetAction.h"; sourceTree = "<group>"; };
		0A5F8FAF1D6436B1001A3380 /* UIView+TargetAction.m */ = {isa = PBXFileReference; fileEncoding = 4; lastKnownFileType = sourcecode.c.objc; path = "UIView+TargetAction.m"; sourceTree = "<group>"; };
/* End PBXFileReference section */

/* Begin PBXFrameworksBuildPhase section */
		0A5F8F911D64350B001A3380 /* Frameworks */ = {
			isa = PBXFrameworksBuildPhase;
			buildActionMask = 2147483647;
			files = (
			);
			runOnlyForDeploymentPostprocessing = 0;
		};
/* End PBXFrameworksBuildPhase section */

/* Begin PBXGroup section */
		0A5F8F8B1D64350B001A3380 = {
			isa = PBXGroup;
			children = (
				0A5F8F961D64350B001A3380 /* UIViewExtensionBlock */,
				0A5F8F951D64350B001A3380 /* Products */,
			);
			sourceTree = "<group>";
		};
		0A5F8F951D64350B001A3380 /* Products */ = {
			isa = PBXGroup;
			children = (
				0A5F8F941D64350B001A3380 /* UIViewExtensionBlock.app */,
			);
			name = Products;
			sourceTree = "<group>";
		};
		0A5F8F961D64350B001A3380 /* UIViewExtensionBlock */ = {
			isa = PBXGroup;
			children = (
				0A5F8F9A1D64350B001A3380 /* AppDelegate.h */,
				0A5F8F9B1D64350B001A3380 /* AppDelegate.m */,
				0A5F8F9D1D64350B001A3380 /* ViewController.h */,
				0A5F8F9E1D64350B001A3380 /* ViewController.m */,
				0A5F8FAE1D6436B1001A3380 /* UIView+TargetAction.h */,
				0A5F8FAF1D6436B1001A3380 /* UIView+TargetAction.m */,
				0A5F8FA31D64350B001A3380 /* Assets.xcassets */,
				0A5F8FA51D64350B001A3380 /* LaunchScreen.storyboard */,
				0A5F8FA81D64350B001A3380 /* Info.plist */,
				0A5F8F971D64350B001A3380 /* Supporting Files */,
			);
			path = UIViewExtensionBlock;
			sourceTree = "<group>";
		};
		0A5F8F971D64350B001A3380 /* Supporting Files */ = {
			isa = PBXGroup;
			children = (
				0A5F8F981D64350B001A3380 /* main.m */,
			);
			name = "Supporting Files";
			sourceTree = "<group>";
		};
/* End PBXGroup section */

/* Begin PBXNativeTarget section */
		0A5F8F931D64350B001A3380 /* UIViewExtensionBlock */ = {
			isa = PBXNativeTarget;
			buildConfigurationList = 0A5F8FAB1D64350B001A3380 /* Build configuration list for PBXNativeTarget "UIViewExtensionBlock" */;
			buildPhases = (
				0A5F8F901D64350B001A3380 /* Sources */,
				0A5F8F911D64350B001A3380 /* Frameworks */,
				0A5F8F921D64350B001A3380 /* Resources */,
			);
			buildRules = (
			);
			dependencies = (
			);
			name = UIViewExtensionBlock;
			productName = UIViewExtensionBlock;
			productReference = 0A5F8F941D64350B001A3380 /* UIViewExtensionBlock.app */;
			productType = "com.apple.product-type.application";
		};
/* End PBXNativeTarget section */

/* Begin PBXProject section */
		0A5F8F8C1D64350B001A3380 /* Project object */ = {
			isa = PBXProject;
			attributes = {
				LastUpgradeCheck = 0730;
				ORGANIZATIONNAME = xiezi;
				TargetAttributes = {
					0A5F8F931D64350B001A3380 = {
						CreatedOnToolsVersion = 7.3.1;
					};
				};
			};
			buildConfigurationList = 0A5F8F8F1D64350B001A3380 /* Build configuration list for PBXProject "UIViewExtensionBlock" */;
			compatibilityVersion = "Xcode 3.2";
			developmentRegion = English;
			hasScannedForEncodings = 0;
			knownRegions = (
				en,
				Base,
			);
			mainGroup = 0A5F8F8B1D64350B001A3380;
			productRefGroup = 0A5F8F951D64350B001A3380 /* Products */;
			projectDirPath = "";
			projectRoot = "";
			targets = (
				0A5F8F931D64350B001A3380 /* UIViewExtensionBlock */,
			);
		};
/* End PBXProject section */

/* Begin PBXResourcesBuildPhase section */
		0A5F8F921D64350B001A3380 /* Resources */ = {
			isa = PBXResourcesBuildPhase;
			buildActionMask = 2147483647;
			files = (
				0A5F8FA71D64350B001A3380 /* LaunchScreen.storyboard in Resources */,
				0A5F8FA41D64350B001A3380 /* Assets.xcassets in Resources */,
			);
			runOnlyForDeploymentPostprocessing = 0;
		};
/* End PBXResourcesBuildPhase section */

/* Begin PBXSourcesBuildPhase section */
		0A5F8F901D64350B001A3380 /* Sources */ = {
			isa = PBXSourcesBuildPhase;
			buildActionMask = 2147483647;
			files = (
				0A5F8F9F1D64350B001A3380 /* ViewController.m in Sources */,
				0A5F8FB01D6436B1001A3380 /* UIView+TargetAction.m in Sources */,
				0A5F8F9C1D64350B001A3380 /* AppDelegate.m in Sources */,
				0A5F8F991D64350B001A3380 /* main.m in Sources */,
			);
			runOnlyForDeploymentPostprocessing = 0;
		};
/* End PBXSourcesBuildPhase section */

/* Begin PBXVariantGroup section */
		0A5F8FA51D64350B001A3380 /* LaunchScreen.storyboard */ = {
			isa = PBXVariantGroup;
			children = (
				0A5F8FA61D64350B001A3380 /* Base */,
			);
			name = LaunchScreen.storyboard;
			sourceTree = "<group>";
		};
/* End PBXVariantGroup section */

/* Begin XCBuildConfiguration section */
		0A5F8FA91D64350B001A3380 /* Debug */ = {
			isa = XCBuildConfiguration;
			buildSettings = {
				ALWAYS_SEARCH_USER_PATHS = NO;
				CLANG_ANALYZER_NONNULL = YES;
				CLANG_CXX_LANGUAGE_STANDARD = "gnu++0x";
				CLANG_CXX_LIBRARY = "libc++";
				CLANG_ENABLE_MODULES = YES;
				CLANG_ENABLE_OBJC_ARC = YES;
				CLANG_WARN_BOOL_CONVERSION = YES;
				CLANG_WARN_CONSTANT_CONVERSION = YES;
				CLANG_WARN_DIRECT_OBJC_ISA_USAGE = YES_ERROR;
				CLANG_WARN_EMPTY_BODY = YES;
				CLANG_WARN_ENUM_CONVERSION = YES;
				CLANG_WARN_INT_CONVERSION = YES;
				CLANG_WARN_OBJC_ROOT_CLASS = YES_ERROR;
				CLANG_WARN_UNREACHABLE_CODE = YES;
				CLANG_WARN__DUPLICATE_METHOD_MATCH = YES;
				"CODE_SIGN_IDENTITY[sdk=iphoneos*]" = "iPhone Developer";
				COPY_PHASE_STRIP = NO;
				DEBUG_INFORMATION_FORMAT = dwarf;
				ENABLE_STRICT_OBJC_MSGSEND = YES;
				ENABLE_TESTABILITY = YES;
				GCC_C_LANGUAGE_STANDARD = gnu99;
				GCC_DYNAMIC_NO_PIC = NO;
				GCC_NO_COMMON_BLOCKS = YES;
				GCC_OPTIMIZATION_LEVEL = 0;
				GCC_PREPROCESSOR_DEFINITIONS = (
					"DEBUG=1",
					"$(inherited)",
				);
				GCC_WARN_64_TO_32_BIT_CONVERSION = YES;
				GCC_WARN_ABOUT_RETURN_TYPE = YES_ERROR;
				GCC_WARN_UNDECLARED_SELECTOR = YES;
				GCC_WARN_UNINITIALIZED_AUTOS = YES_AGGRESSIVE;
				GCC_WARN_UNUSED_FUNCTION = YES;
				GCC_WARN_UNUSED_VARIABLE = YES;
				IPHONEOS_DEPLOYMENT_TARGET = 9.3;
				MTL_ENABLE_DEBUG_INFO = YES;
				ONLY_ACTIVE_ARCH = YES;
				SDKROOT = iphoneos;
			};
			name = Debug;
		};
		0A5F8FAA1D64350B001A3380 /* Release */ = {
			isa = XCBuildConfiguration;
			buildSettings = {
				ALWAYS_SEARCH_USER_PATHS = NO;
				CLANG_ANALYZER_NONNULL = YES;
				CLANG_CXX_LANGUAGE_STANDARD = "gnu++0x";
				CLANG_CXX_LIBRARY = "libc++";
				CLANG_ENABLE_MODULES = YES;
				CLANG_ENABLE_OBJC_ARC = YES;
				CLANG_WARN_BOOL_CONVERSION = YES;
				CLANG_WARN_CONSTANT_CONVERSION = YES;
				CLANG_WARN_DIRECT_OBJC_ISA_USAGE = YES_ERROR;
				CLANG_WARN_EMPTY_BODY = YES;
				CLANG_WARN_ENUM_CONVERSION = YES;
				CLANG_WARN_INT_CONVERSION = YES;
				CLANG_WARN_OBJC_ROOT_CLASS = YES_ERROR;
				CLANG_WARN_UNREACHABLE_CODE = YES;
				CLANG_WARN__DUPLICATE_METHOD_MATCH = YES;
				"CODE_SIGN_IDENTITY[sdk=iphoneos*]" = "iPhone Developer";
				COPY_PHASE_STRIP = NO;
				DEBUG_INFORMATION_FORMAT = "dwarf-with-dsym";
				ENABLE_NS_ASSERTIONS = NO;
				ENABLE_STRICT_OBJC_MSGSEND = YES;
				GCC_C_LANGUAGE_STANDARD = gnu99;
				GCC_NO_COMMON_BLOCKS = YES;
				GCC_WARN_64_TO_32_BIT_CONVERSION = YES;
				GCC_WARN_ABOUT_RETURN_TYPE = YES_ERROR;
				GCC_WARN_UNDECLARED_SELECTOR = YES;
				GCC_WARN_UNINITIALIZED_AUTOS = YES_AGGRESSIVE;
				GCC_WARN_UNUSED_FUNCTION = YES;
				GCC_WARN_UNUSED_VARIABLE = YES;
				IPHONEOS_DEPLOYMENT_TARGET = 9.3;
				MTL_ENABLE_DEBUG_INFO = NO;
				SDKROOT = iphoneos;
				VALIDATE_PRODUCT = YES;
			};
			name = Release;
		};
		0A5F8FAC1D64350B001A3380 /* Debug */ = {
			isa = XCBuildConfiguration;
			buildSettings = {
				ASSETCATALOG_COMPILER_APPICON_NAME = AppIcon;
				INFOPLIST_FILE = UIViewExtensionBlock/Info.plist;
				IPHONEOS_DEPLOYMENT_TARGET = 7.0;
				LD_RUNPATH_SEARCH_PATHS = "$(inherited) @executable_path/Frameworks";
				PRODUCT_BUNDLE_IDENTIFIER = com.helijia.UIViewExtensionBlock;
				PRODUCT_NAME = "$(TARGET_NAME)";
			};
			name = Debug;
		};
		0A5F8FAD1D64350B001A3380 /* Release */ = {
			isa = XCBuildConfiguration;
			buildSettings = {
				ASSETCATALOG_COMPILER_APPICON_NAME = AppIcon;
				INFOPLIST_FILE = UIViewExtensionBlock/Info.plist;
				IPHONEOS_DEPLOYMENT_TARGET = 7.0;
				LD_RUNPATH_SEARCH_PATHS = "$(inherited) @executable_path/Frameworks";
				PRODUCT_BUNDLE_IDENTIFIER = com.helijia.UIViewExtensionBlock;
				PRODUCT_NAME = "$(TARGET_NAME)";
			};
			name = Release;
		};
/* End XCBuildConfiguration section */

/* Begin XCConfigurationList section */
		0A5F8F8F1D64350B001A3380 /* Build configuration list for PBXProject "UIViewExtensionBlock" */ = {
			isa = XCConfigurationList;
			buildConfigurations = (
				0A5F8FA91D64350B001A3380 /* Debug */,
				0A5F8FAA1D64350B001A3380 /* Release */,
			);
			defaultConfigurationIsVisible = 0;
			defaultConfigurationName = Release;
		};
		0A5F8FAB1D64350B001A3380 /* Build configuration list for PBXNativeTarget "UIViewExtensionBlock" */ = {
			isa = XCConfigurationList;
			buildConfigurations = (
				0A5F8FAC1D64350B001A3380 /* Debug */,
				0A5F8FAD1D64350B001A3380 /* Release */,
			);
			defaultConfigurationIsVisible = 0;
		};
/* End XCConfigurationList section */
	};
	rootObject = 0A5F8F8C1D64350B001A3380 /* Project object */;
}
